
Microsoft Visual Studio Solution File, Format Version 12.00
# Visual Studio Version 16
VisualStudioVersion = 16.0.31911.196
MinimumVisualStudioVersion = 10.0.40219.1
Project("{2150E333-8FDC-42A3-9474-1A3956D46DE8}") = "01.Api", "01.Api", "{05C8821A-712B-497F-9F15-4897E622672B}"
EndProject
Project("{2150E333-8FDC-42A3-9474-1A3956D46DE8}") = "02.Services", "02.Services", "{E0603BAD-B969-46A7-A8A3-3197E421D730}"
EndProject
Project("{2150E333-8FDC-42A3-9474-1A3956D46DE8}") = "03.Persistence", "03.Persistence", "{4B1696DE-E24F-464B-AFE4-89B42BC35E76}"
EndProject
Project("{2150E333-8FDC-42A3-9474-1A3956D46DE8}") = "04.Models", "04.Models", "{52DC130A-428C-4037-878A-F85CF9473126}"
EndProject
Project("{9A19103F-16F7-4668-BE54-9A1E7A4F7556}") = "Domain", "WebApiProject\Domain\Domain.csproj", "{3A7C31AD-0C04-4E8C-BE46-55931B3C6E2A}"
EndProject
Project("{9A19103F-16F7-4668-BE54-9A1E7A4F7556}") = "Persistance.Database", "Persistance.Database\Persistance.Database.csproj", "{2B40EEB7-E866-4B40-98E1-EB46D3E8B2F7}"
EndProject
Project("{9A19103F-16F7-4668-BE54-9A1E7A4F7556}") = "Web.Api", "Web.Api\Web.Api.csproj", "{355EAD59-F755-435B-A066-927D3C6C99FE}"
EndProject
Project("{9A19103F-16F7-4668-BE54-9A1E7A4F7556}") = "Service.Queries", "Service.Queries\Service.Queries.csproj", "{6F21B2B6-30E9-4C76-9A75-88944DCFA5EF}"
EndProject
Project("{2150E333-8FDC-42A3-9474-1A3956D46DE8}") = "05.Common", "05.Common", "{0C394D4F-08C4-4656-B596-63D17F65E18E}"
EndProject
Project("{9A19103F-16F7-4668-BE54-9A1E7A4F7556}") = "Common.Collection", "Common.Collection\Common.Collection.csproj", "{DFC5AC82-6D90-44A9-B648-BB7670836BAE}"
EndProject
Project("{9A19103F-16F7-4668-BE54-9A1E7A4F7556}") = "Common.Mapping", "Common.Mapping\Common.Mapping.csproj", "{7785AE37-F3E1-4019-B954-D1CAC22ACD49}"
EndProject
Project("{9A19103F-16F7-4668-BE54-9A1E7A4F7556}") = "Common.Paging", "Common.Paging\Common.Paging.csproj", "{03B80A4C-8757-4B00-9579-6DC3FA0A84DC}"
EndProject
Project("{9A19103F-16F7-4668-BE54-9A1E7A4F7556}") = "Service.EventHandlers", "Service.EventHandlers\Service.EventHandlers.csproj", "{FD6F8CA2-2139-42D1-928A-0291C16EB391}"
EndProject
Project("{2150E333-8FDC-42A3-9474-1A3956D46DE8}") = "06.Testing", "06.Testing", "{3F0EC887-658C-477F-ABA2-03BB66AB03DF}"
EndProject
Project("{FAE04EC0-301F-11D3-BF4B-00C04F79EFBC}") = "Web.Api.Test", "Web.Api.Test\Web.Api.Test.csproj", "{EBD54011-8689-46A9-83B0-A04850C72E79}"
EndProject
Global
	GlobalSection(SolutionConfigurationPlatforms) = preSolution
		Debug|Any CPU = Debug|Any CPU
		Release|Any CPU = Release|Any CPU
	EndGlobalSection
	GlobalSection(ProjectConfigurationPlatforms) = postSolution
		{3A7C31AD-0C04-4E8C-BE46-55931B3C6E2A}.Debug|Any CPU.ActiveCfg = Debug|Any CPU
		{3A7C31AD-0C04-4E8C-BE46-55931B3C6E2A}.Debug|Any CPU.Build.0 = Debug|Any CPU
		{3A7C31AD-0C04-4E8C-BE46-55931B3C6E2A}.Release|Any CPU.ActiveCfg = Release|Any CPU
		{3A7C31AD-0C04-4E8C-BE46-55931B3C6E2A}.Release|Any CPU.Build.0 = Release|Any CPU
		{2B40EEB7-E866-4B40-98E1-EB46D3E8B2F7}.Debug|Any CPU.ActiveCfg = Debug|Any CPU
		{2B40EEB7-E866-4B40-98E1-EB46D3E8B2F7}.Debug|Any CPU.Build.0 = Debug|Any CPU
		{2B40EEB7-E866-4B40-98E1-EB46D3E8B2F7}.Release|Any CPU.ActiveCfg = Release|Any CPU
		{2B40EEB7-E866-4B40-98E1-EB46D3E8B2F7}.Release|Any CPU.Build.0 = Release|Any CPU
		{355EAD59-F755-435B-A066-927D3C6C99FE}.Debug|Any CPU.ActiveCfg = Debug|Any CPU
		{355EAD59-F755-435B-A066-927D3C6C99FE}.Debug|Any CPU.Build.0 = Debug|Any CPU
		{355EAD59-F755-435B-A066-927D3C6C99FE}.Release|Any CPU.ActiveCfg = Release|Any CPU
		{355EAD59-F755-435B-A066-927D3C6C99FE}.Release|Any CPU.Build.0 = Release|Any CPU
		{6F21B2B6-30E9-4C76-9A75-88944DCFA5EF}.Debug|Any CPU.ActiveCfg = Debug|Any CPU
		{6F21B2B6-30E9-4C76-9A75-88944DCFA5EF}.Debug|Any CPU.Build.0 = Debug|Any CPU
		{6F21B2B6-30E9-4C76-9A75-88944DCFA5EF}.Release|Any CPU.ActiveCfg = Release|Any CPU
		{6F21B2B6-30E9-4C76-9A75-88944DCFA5EF}.Release|Any CPU.Build.0 = Release|Any CPU
		{DFC5AC82-6D90-44A9-B648-BB7670836BAE}.Debug|Any CPU.ActiveCfg = Debug|Any CPU
		{DFC5AC82-6D90-44A9-B648-BB7670836BAE}.Debug|Any CPU.Build.0 = Debug|Any CPU
		{DFC5AC82-6D90-44A9-B648-BB7670836BAE}.Release|Any CPU.ActiveCfg = Release|Any CPU
		{DFC5AC82-6D90-44A9-B648-BB7670836BAE}.Release|Any CPU.Build.0 = Release|Any CPU
		{7785AE37-F3E1-4019-B954-D1CAC22ACD49}.Debug|Any CPU.ActiveCfg = Debug|Any CPU
		{7785AE37-F3E1-4019-B954-D1CAC22ACD49}.Debug|Any CPU.Build.0 = Debug|Any CPU
		{7785AE37-F3E1-4019-B954-D1CAC22ACD49}.Release|Any CPU.ActiveCfg = Release|Any CPU
		{7785AE37-F3E1-4019-B954-D1CAC22ACD49}.Release|Any CPU.Build.0 = Release|Any CPU
		{03B80A4C-8757-4B00-9579-6DC3FA0A84DC}.Debug|Any CPU.ActiveCfg = Debug|Any CPU
		{03B80A4C-8757-4B00-9579-6DC3FA0A84DC}.Debug|Any CPU.Build.0 = Debug|Any CPU
		{03B80A4C-8757-4B00-9579-6DC3FA0A84DC}.Release|Any CPU.ActiveCfg = Release|Any CPU
		{03B80A4C-8757-4B00-9579-6DC3FA0A84DC}.Release|Any CPU.Build.0 = Release|Any CPU
		{FD6F8CA2-2139-42D1-928A-0291C16EB391}.Debug|Any CPU.ActiveCfg = Debug|Any CPU
		{FD6F8CA2-2139-42D1-928A-0291C16EB391}.Debug|Any CPU.Build.0 = Debug|Any CPU
		{FD6F8CA2-2139-42D1-928A-0291C16EB391}.Release|Any CPU.ActiveCfg = Release|Any CPU
		{FD6F8CA2-2139-42D1-928A-0291C16EB391}.Release|Any CPU.Build.0 = Release|Any CPU
		{EBD54011-8689-46A9-83B0-A04850C72E79}.Debug|Any CPU.ActiveCfg = Debug|Any CPU
		{EBD54011-8689-46A9-83B0-A04850C72E79}.Debug|Any CPU.Build.0 = Debug|Any CPU
		{EBD54011-8689-46A9-83B0-A04850C72E79}.Release|Any CPU.ActiveCfg = Release|Any CPU
		{EBD54011-8689-46A9-83B0-A04850C72E79}.Release|Any CPU.Build.0 = Release|Any CPU
	EndGlobalSection
	GlobalSection(SolutionProperties) = preSolution
		HideSolutionNode = FALSE
	EndGlobalSection
	GlobalSection(NestedProjects) = preSolution
		{3A7C31AD-0C04-4E8C-BE46-55931B3C6E2A} = {52DC130A-428C-4037-878A-F85CF9473126}
		{2B40EEB7-E866-4B40-98E1-EB46D3E8B2F7} = {4B1696DE-E24F-464B-AFE4-89B42BC35E76}
		{355EAD59-F755-435B-A066-927D3C6C99FE} = {05C8821A-712B-497F-9F15-4897E622672B}
		{6F21B2B6-30E9-4C76-9A75-88944DCFA5EF} = {E0603BAD-B969-46A7-A8A3-3197E421D730}
		{DFC5AC82-6D90-44A9-B648-BB7670836BAE} = {0C394D4F-08C4-4656-B596-63D17F65E18E}
		{7785AE37-F3E1-4019-B954-D1CAC22ACD49} = {0C394D4F-08C4-4656-B596-63D17F65E18E}
		{03B80A4C-8757-4B00-9579-6DC3FA0A84DC} = {0C394D4F-08C4-4656-B596-63D17F65E18E}
		{FD6F8CA2-2139-42D1-928A-0291C16EB391} = {E0603BAD-B969-46A7-A8A3-3197E421D730}
		{EBD54011-8689-46A9-83B0-A04850C72E79} = {3F0EC887-658C-477F-ABA2-03BB66AB03DF}
	EndGlobalSection
	GlobalSection(ExtensibilityGlobals) = postSolution
		SolutionGuid = {8FB2C84F-5580-436D-B0BE-1DB29103C4C9}
	EndGlobalSection
EndGlobal
